
Microsoft Visual Studio Solution File, Format Version 12.00
Project("{FAE04EC0-301F-11D3-BF4B-00C04F79EFBC}") = "Backend.API", "Backend.API\Backend.API.csproj", "{C14CFE1E-17BF-4805-B88E-9060553C4A5E}"
EndProject
Project("{FAE04EC0-301F-11D3-BF4B-00C04F79EFBC}") = "Backend.Core", "Backend.Core\Backend.Core.csproj", "{E2B6D04C-E870-4832-97F7-E628256DD5F2}"
EndProject
Project("{FAE04EC0-301F-11D3-BF4B-00C04F79EFBC}") = "Backend.Infrastructure", "Backend.Infrastructure\Backend.Infrastructure.csproj", "{BBD83DCE-E4EF-4C90-8162-03F7A0BEB458}"
EndProject
Project("{FAE04EC0-301F-11D3-BF4B-00C04F79EFBC}") = "Backend.Tests.Unit", "Backend.Tests.Unit\Backend.Tests.Unit.csproj", "{7061C618-441F-452D-AAE3-F9E88DA5258D}"
EndProject
Project("{FAE04EC0-301F-11D3-BF4B-00C04F79EFBC}") = "Backend.Tests.Integration", "Backend.Tests.Integration\Backend.Tests.Integration.csproj", "{7DCC33D0-6AA9-41B3-B956-156ED9EA84FE}"
EndProject
Global
	GlobalSection(SolutionConfigurationPlatforms) = preSolution
		Debug|Any CPU = Debug|Any CPU
		Release|Any CPU = Release|Any CPU
	EndGlobalSection
	GlobalSection(ProjectConfigurationPlatforms) = postSolution
		{C14CFE1E-17BF-4805-B88E-9060553C4A5E}.Debug|Any CPU.ActiveCfg = Debug|Any CPU
		{C14CFE1E-17BF-4805-B88E-9060553C4A5E}.Debug|Any CPU.Build.0 = Debug|Any CPU
		{C14CFE1E-17BF-4805-B88E-9060553C4A5E}.Release|Any CPU.ActiveCfg = Release|Any CPU
		{C14CFE1E-17BF-4805-B88E-9060553C4A5E}.Release|Any CPU.Build.0 = Release|Any CPU
		{E2B6D04C-E870-4832-97F7-E628256DD5F2}.Debug|Any CPU.ActiveCfg = Debug|Any CPU
		{E2B6D04C-E870-4832-97F7-E628256DD5F2}.Debug|Any CPU.Build.0 = Debug|Any CPU
		{E2B6D04C-E870-4832-97F7-E628256DD5F2}.Release|Any CPU.ActiveCfg = Release|Any CPU
		{E2B6D04C-E870-4832-97F7-E628256DD5F2}.Release|Any CPU.Build.0 = Release|Any CPU
		{BBD83DCE-E4EF-4C90-8162-03F7A0BEB458}.Debug|Any CPU.ActiveCfg = Debug|Any CPU
		{BBD83DCE-E4EF-4C90-8162-03F7A0BEB458}.Debug|Any CPU.Build.0 = Debug|Any CPU
		{BBD83DCE-E4EF-4C90-8162-03F7A0BEB458}.Release|Any CPU.ActiveCfg = Release|Any CPU
		{BBD83DCE-E4EF-4C90-8162-03F7A0BEB458}.Release|Any CPU.Build.0 = Release|Any CPU
		{7061C618-441F-452D-AAE3-F9E88DA5258D}.Debug|Any CPU.ActiveCfg = Debug|Any CPU
		{7061C618-441F-452D-AAE3-F9E88DA5258D}.Debug|Any CPU.Build.0 = Debug|Any CPU
		{7061C618-441F-452D-AAE3-F9E88DA5258D}.Release|Any CPU.ActiveCfg = Release|Any CPU
		{7061C618-441F-452D-AAE3-F9E88DA5258D}.Release|Any CPU.Build.0 = Release|Any CPU
		{7DCC33D0-6AA9-41B3-B956-156ED9EA84FE}.Debug|Any CPU.ActiveCfg = Debug|Any CPU
		{7DCC33D0-6AA9-41B3-B956-156ED9EA84FE}.Debug|Any CPU.Build.0 = Debug|Any CPU
		{7DCC33D0-6AA9-41B3-B956-156ED9EA84FE}.Release|Any CPU.ActiveCfg = Release|Any CPU
		{7DCC33D0-6AA9-41B3-B956-156ED9EA84FE}.Release|Any CPU.Build.0 = Release|Any CPU
	EndGlobalSection
EndGlobal
